
Microsoft Visual Studio Solution File, Format Version 12.00
# Visual Studio Version 16
VisualStudioVersion = 16.0.31205.134
MinimumVisualStudioVersion = 10.0.40219.1
Project("{FAE04EC0-301F-11D3-BF4B-00C04F79EFBC}") = "ShopCNweb", "ShopCNweb.csproj", "{6DC51C25-C86D-445C-9DE4-548A1573E6E5}"
EndProject
Global
	GlobalSection(SolutionConfigurationPlatforms) = preSolution
		Debug|Any CPU = Debug|Any CPU
		Release|Any CPU = Release|Any CPU
	EndGlobalSection
	GlobalSection(ProjectConfigurationPlatforms) = postSolution
		{6DC51C25-C86D-445C-9DE4-548A1573E6E5}.Debug|Any CPU.ActiveCfg = Debug|Any CPU
		{6DC51C25-C86D-445C-9DE4-548A1573E6E5}.Debug|Any CPU.Build.0 = Debug|Any CPU
		{6DC51C25-C86D-445C-9DE4-548A1573E6E5}.Release|Any CPU.ActiveCfg = Release|Any CPU
		{6DC51C25-C86D-445C-9DE4-548A1573E6E5}.Release|Any CPU.Build.0 = Release|Any CPU
	EndGlobalSection
	GlobalSection(SolutionProperties) = preSolution
		HideSolutionNode = FALSE
	EndGlobalSection
	GlobalSection(ExtensibilityGlobals) = postSolution
		SolutionGuid = {DDAA8B71-CBCF-4BAB-8836-58AE2AA8314F}
	EndGlobalSection
EndGlobal
